
Microsoft Visual Studio Solution File, Format Version 12.00
# Visual Studio Version 17
VisualStudioVersion = 17.13.35919.96
MinimumVisualStudioVersion = 10.0.40219.1
Project("{FAE04EC0-301F-11D3-BF4B-00C04F79EFBC}") = "EMSApi", "EMSApi\EMSApi.csproj", "{B621A45C-1D5E-4068-8F4B-FA9C8D001F22}"
EndProject
Project("{FAE04EC0-301F-11D3-BF4B-00C04F79EFBC}") = "EMS.Test", "EMSTest\EMS.Test.csproj", "{A8559A90-F1A3-45A3-A720-9052C64D0672}"
EndProject
Global
	GlobalSection(SolutionConfigurationPlatforms) = preSolution
		Debug|Any CPU = Debug|Any CPU
		Release|Any CPU = Release|Any CPU
	EndGlobalSection
	GlobalSection(ProjectConfigurationPlatforms) = postSolution
		{B621A45C-1D5E-4068-8F4B-FA9C8D001F22}.Debug|Any CPU.ActiveCfg = Debug|Any CPU
		{B621A45C-1D5E-4068-8F4B-FA9C8D001F22}.Debug|Any CPU.Build.0 = Debug|Any CPU
		{B621A45C-1D5E-4068-8F4B-FA9C8D001F22}.Release|Any CPU.ActiveCfg = Release|Any CPU
		{B621A45C-1D5E-4068-8F4B-FA9C8D001F22}.Release|Any CPU.Build.0 = Release|Any CPU
		{A8559A90-F1A3-45A3-A720-9052C64D0672}.Debug|Any CPU.ActiveCfg = Debug|Any CPU
		{A8559A90-F1A3-45A3-A720-9052C64D0672}.Debug|Any CPU.Build.0 = Debug|Any CPU
		{A8559A90-F1A3-45A3-A720-9052C64D0672}.Release|Any CPU.ActiveCfg = Release|Any CPU
		{A8559A90-F1A3-45A3-A720-9052C64D0672}.Release|Any CPU.Build.0 = Release|Any CPU
	EndGlobalSection
	GlobalSection(SolutionProperties) = preSolution
		HideSolutionNode = FALSE
	EndGlobalSection
	GlobalSection(ExtensibilityGlobals) = postSolution
		SolutionGuid = {458BBAD0-F9C9-4B31-8EC8-9521FEA9882C}
	EndGlobalSection
EndGlobal
